
Microsoft Visual Studio Solution File, Format Version 12.00
# Visual Studio Version 17
VisualStudioVersion = 17.12.35527.113
MinimumVisualStudioVersion = 10.0.40219.1
Project("{FAE04EC0-301F-11D3-BF4B-00C04F79EFBC}") = "RatopiaTwitchIntegration", "RatopiaTwitchIntegration.csproj", "{51C95A99-1649-4085-94F8-2616A352F373}"
EndProject
Global
	GlobalSection(SolutionConfigurationPlatforms) = preSolution
		Debug|Any CPU = Debug|Any CPU
		Release|Any CPU = Release|Any CPU
	EndGlobalSection
	GlobalSection(ProjectConfigurationPlatforms) = postSolution
		{51C95A99-1649-4085-94F8-2616A352F373}.Debug|Any CPU.ActiveCfg = Debug|Any CPU
		{51C95A99-1649-4085-94F8-2616A352F373}.Debug|Any CPU.Build.0 = Debug|Any CPU
		{51C95A99-1649-4085-94F8-2616A352F373}.Release|Any CPU.ActiveCfg = Release|Any CPU
		{51C95A99-1649-4085-94F8-2616A352F373}.Release|Any CPU.Build.0 = Release|Any CPU
	EndGlobalSection
	GlobalSection(SolutionProperties) = preSolution
		HideSolutionNode = FALSE
	EndGlobalSection
EndGlobal
